
Microsoft Visual Studio Solution File, Format Version 12.00
# Visual Studio 15
Project("{FAE04EC0-301F-11D3-BF4B-00C04F79EFBC}") = "Assembly-CSharp-firstpass", "Assembly-CSharp-firstpass.csproj", "{AD3E5286-96A1-E793-6DB1-4FE61D0474CF}"
EndProject
Project("{FAE04EC0-301F-11D3-BF4B-00C04F79EFBC}") = "Assembly-CSharp", "Assembly-CSharp.csproj", "{E86707C7-6027-2C43-CD14-79A093B11EFC}"
EndProject
Project("{FAE04EC0-301F-11D3-BF4B-00C04F79EFBC}") = "Assembly-CSharp-Editor-firstpass", "Assembly-CSharp-Editor-firstpass.csproj", "{F9FCBFCC-54A6-BE82-AAF2-06800E6518D7}"
EndProject
Global
	GlobalSection(SolutionConfigurationPlatforms) = preSolution
		Debug|Any CPU = Debug|Any CPU
		Release|Any CPU = Release|Any CPU
	EndGlobalSection
	GlobalSection(ProjectConfigurationPlatforms) = postSolution
		{AD3E5286-96A1-E793-6DB1-4FE61D0474CF}.Debug|Any CPU.ActiveCfg = Debug|Any CPU
		{AD3E5286-96A1-E793-6DB1-4FE61D0474CF}.Debug|Any CPU.Build.0 = Debug|Any CPU
		{AD3E5286-96A1-E793-6DB1-4FE61D0474CF}.Release|Any CPU.ActiveCfg = Release|Any CPU
		{AD3E5286-96A1-E793-6DB1-4FE61D0474CF}.Release|Any CPU.Build.0 = Release|Any CPU
		{E86707C7-6027-2C43-CD14-79A093B11EFC}.Debug|Any CPU.ActiveCfg = Debug|Any CPU
		{E86707C7-6027-2C43-CD14-79A093B11EFC}.Debug|Any CPU.Build.0 = Debug|Any CPU
		{E86707C7-6027-2C43-CD14-79A093B11EFC}.Release|Any CPU.ActiveCfg = Release|Any CPU
		{E86707C7-6027-2C43-CD14-79A093B11EFC}.Release|Any CPU.Build.0 = Release|Any CPU
		{F9FCBFCC-54A6-BE82-AAF2-06800E6518D7}.Debug|Any CPU.ActiveCfg = Debug|Any CPU
		{F9FCBFCC-54A6-BE82-AAF2-06800E6518D7}.Debug|Any CPU.Build.0 = Debug|Any CPU
		{F9FCBFCC-54A6-BE82-AAF2-06800E6518D7}.Release|Any CPU.ActiveCfg = Release|Any CPU
		{F9FCBFCC-54A6-BE82-AAF2-06800E6518D7}.Release|Any CPU.Build.0 = Release|Any CPU
	EndGlobalSection
	GlobalSection(SolutionProperties) = preSolution
		HideSolutionNode = FALSE
	EndGlobalSection
EndGlobal
